
Microsoft Visual Studio Solution File, Format Version 12.00
# Visual Studio Version 17
VisualStudioVersion = 17.11.35222.181
MinimumVisualStudioVersion = 10.0.40219.1
Project("{9A19103F-16F7-4668-BE54-9A1E7A4F7556}") = "WEB_253505_Yeudakavets.UI", "WEB_253505_Yeudakavets.UI\WEB_253505_Yeudakavets.UI.csproj", "{F14C3F9F-8437-492E-AE7A-2D6976730F53}"
	ProjectSection(ProjectDependencies) = postProject
		{215F7808-8E09-41BA-A89F-F8A655241FAE} = {215F7808-8E09-41BA-A89F-F8A655241FAE}
	EndProjectSection
EndProject
Project("{9A19103F-16F7-4668-BE54-9A1E7A4F7556}") = "WEB_253505_Yeudakavets.Domain", "WEB_253505_Yeudakavets.Domain\WEB_253505_Yeudakavets.Domain.csproj", "{215F7808-8E09-41BA-A89F-F8A655241FAE}"
EndProject
Project("{FAE04EC0-301F-11D3-BF4B-00C04F79EFBC}") = "WEB_253505_Yeudakavets.API", "WEB_253505_Yeudakavets.API\WEB_253505_Yeudakavets.API.csproj", "{7FF21FE9-042D-4AE4-8611-270296F0973F}"
EndProject
Global
	GlobalSection(SolutionConfigurationPlatforms) = preSolution
		Debug|Any CPU = Debug|Any CPU
		Release|Any CPU = Release|Any CPU
	EndGlobalSection
	GlobalSection(ProjectConfigurationPlatforms) = postSolution
		{F14C3F9F-8437-492E-AE7A-2D6976730F53}.Debug|Any CPU.ActiveCfg = Debug|Any CPU
		{F14C3F9F-8437-492E-AE7A-2D6976730F53}.Debug|Any CPU.Build.0 = Debug|Any CPU
		{F14C3F9F-8437-492E-AE7A-2D6976730F53}.Release|Any CPU.ActiveCfg = Release|Any CPU
		{F14C3F9F-8437-492E-AE7A-2D6976730F53}.Release|Any CPU.Build.0 = Release|Any CPU
		{215F7808-8E09-41BA-A89F-F8A655241FAE}.Debug|Any CPU.ActiveCfg = Debug|Any CPU
		{215F7808-8E09-41BA-A89F-F8A655241FAE}.Debug|Any CPU.Build.0 = Debug|Any CPU
		{215F7808-8E09-41BA-A89F-F8A655241FAE}.Release|Any CPU.ActiveCfg = Release|Any CPU
		{215F7808-8E09-41BA-A89F-F8A655241FAE}.Release|Any CPU.Build.0 = Release|Any CPU
		{7FF21FE9-042D-4AE4-8611-270296F0973F}.Debug|Any CPU.ActiveCfg = Debug|Any CPU
		{7FF21FE9-042D-4AE4-8611-270296F0973F}.Debug|Any CPU.Build.0 = Debug|Any CPU
		{7FF21FE9-042D-4AE4-8611-270296F0973F}.Release|Any CPU.ActiveCfg = Release|Any CPU
		{7FF21FE9-042D-4AE4-8611-270296F0973F}.Release|Any CPU.Build.0 = Release|Any CPU
	EndGlobalSection
	GlobalSection(SolutionProperties) = preSolution
		HideSolutionNode = FALSE
	EndGlobalSection
	GlobalSection(ExtensibilityGlobals) = postSolution
		SolutionGuid = {2B9A02CF-CC16-4A69-A254-F3164CE838A3}
	EndGlobalSection
EndGlobal
